
Microsoft Visual Studio Solution File, Format Version 12.00
# Visual Studio Version 17
VisualStudioVersion = 17.4.33205.214
MinimumVisualStudioVersion = 10.0.40219.1
Project("{2150E333-8FDC-42A3-9474-1A3956D46DE8}") = "src", "src", "{9BAA5C89-0C43-49A5-98A2-78AB9C389753}"
EndProject
Project("{2150E333-8FDC-42A3-9474-1A3956D46DE8}") = "api", "api", "{3EED7EC6-5098-412D-BD22-48F1B3CADF2C}"
EndProject
Project("{2150E333-8FDC-42A3-9474-1A3956D46DE8}") = "core", "core", "{8B4BF841-94BD-49F1-8E86-BF687ECF12EB}"
EndProject
Project("{2150E333-8FDC-42A3-9474-1A3956D46DE8}") = "infrastructure", "infrastructure", "{2E279AF5-085B-493E-8358-33CA02F74A1F}"
EndProject
Project("{2150E333-8FDC-42A3-9474-1A3956D46DE8}") = "webapi", "webapi", "{61B2F2F5-9BEB-487E-BAA3-DC2C80C7F26F}"
EndProject
Project("{2150E333-8FDC-42A3-9474-1A3956D46DE8}") = "clients", "clients", "{886F4AB5-AC1D-4065-B69A-9E5752E2F416}"
EndProject
Project("{2150E333-8FDC-42A3-9474-1A3956D46DE8}") = "projections", "projections", "{5A0075DF-8DCD-405E-A85D-D5F5F3494765}"
EndProject
Project("{9A19103F-16F7-4668-BE54-9A1E7A4F7556}") = "HelpDesk.Api.Application", "src\api\core\HelpDesk.Api.Application\HelpDesk.Api.Application.csproj", "{E56CD924-7FA2-4649-99E0-7F00969071AB}"
EndProject
Project("{9A19103F-16F7-4668-BE54-9A1E7A4F7556}") = "HelpDesk.Api.Domain", "src\api\core\HelpDesk.Api.Domain\HelpDesk.Api.Domain.csproj", "{40DD5C85-E198-4C34-A3D9-68224A8AD318}"
EndProject
Project("{9A19103F-16F7-4668-BE54-9A1E7A4F7556}") = "HelpDesk.Infrastructure.Persistance", "src\api\infrastructure\HelpDesk.Infrastructure.Persistance\HelpDesk.Infrastructure.Persistance.csproj", "{E4C649F6-2537-4138-81F1-B7C773E6E6DE}"
EndProject
Project("{9A19103F-16F7-4668-BE54-9A1E7A4F7556}") = "HelpDesk.Api.WebApi", "src\api\webapi\HelpDesk.Api.WebApi\HelpDesk.Api.WebApi.csproj", "{F2B5E826-344D-40B3-BE55-48C3B71FC5A3}"
EndProject
Project("{FAE04EC0-301F-11D3-BF4B-00C04F79EFBC}") = "UserService", "src\projections\UserService\UserService.csproj", "{88467723-1A89-4B7B-ACB1-64FA79D3DFB3}"
EndProject
Project("{2150E333-8FDC-42A3-9474-1A3956D46DE8}") = "common", "common", "{35BAA274-CCE5-4757-848A-45483EB28C73}"
EndProject
Project("{FAE04EC0-301F-11D3-BF4B-00C04F79EFBC}") = "HelpDesk.Common", "src\common\HelpDesk.Common\HelpDesk.Common.csproj", "{5E02C8A4-C10E-486A-8494-FA340BAF5021}"
EndProject
Global
	GlobalSection(SolutionConfigurationPlatforms) = preSolution
		Debug|Any CPU = Debug|Any CPU
		Release|Any CPU = Release|Any CPU
	EndGlobalSection
	GlobalSection(ProjectConfigurationPlatforms) = postSolution
		{E56CD924-7FA2-4649-99E0-7F00969071AB}.Debug|Any CPU.ActiveCfg = Debug|Any CPU
		{E56CD924-7FA2-4649-99E0-7F00969071AB}.Debug|Any CPU.Build.0 = Debug|Any CPU
		{E56CD924-7FA2-4649-99E0-7F00969071AB}.Release|Any CPU.ActiveCfg = Release|Any CPU
		{E56CD924-7FA2-4649-99E0-7F00969071AB}.Release|Any CPU.Build.0 = Release|Any CPU
		{40DD5C85-E198-4C34-A3D9-68224A8AD318}.Debug|Any CPU.ActiveCfg = Debug|Any CPU
		{40DD5C85-E198-4C34-A3D9-68224A8AD318}.Debug|Any CPU.Build.0 = Debug|Any CPU
		{40DD5C85-E198-4C34-A3D9-68224A8AD318}.Release|Any CPU.ActiveCfg = Release|Any CPU
		{40DD5C85-E198-4C34-A3D9-68224A8AD318}.Release|Any CPU.Build.0 = Release|Any CPU
		{E4C649F6-2537-4138-81F1-B7C773E6E6DE}.Debug|Any CPU.ActiveCfg = Debug|Any CPU
		{E4C649F6-2537-4138-81F1-B7C773E6E6DE}.Debug|Any CPU.Build.0 = Debug|Any CPU
		{E4C649F6-2537-4138-81F1-B7C773E6E6DE}.Release|Any CPU.ActiveCfg = Release|Any CPU
		{E4C649F6-2537-4138-81F1-B7C773E6E6DE}.Release|Any CPU.Build.0 = Release|Any CPU
		{F2B5E826-344D-40B3-BE55-48C3B71FC5A3}.Debug|Any CPU.ActiveCfg = Debug|Any CPU
		{F2B5E826-344D-40B3-BE55-48C3B71FC5A3}.Debug|Any CPU.Build.0 = Debug|Any CPU
		{F2B5E826-344D-40B3-BE55-48C3B71FC5A3}.Release|Any CPU.ActiveCfg = Release|Any CPU
		{F2B5E826-344D-40B3-BE55-48C3B71FC5A3}.Release|Any CPU.Build.0 = Release|Any CPU
		{88467723-1A89-4B7B-ACB1-64FA79D3DFB3}.Debug|Any CPU.ActiveCfg = Debug|Any CPU
		{88467723-1A89-4B7B-ACB1-64FA79D3DFB3}.Debug|Any CPU.Build.0 = Debug|Any CPU
		{88467723-1A89-4B7B-ACB1-64FA79D3DFB3}.Release|Any CPU.ActiveCfg = Release|Any CPU
		{88467723-1A89-4B7B-ACB1-64FA79D3DFB3}.Release|Any CPU.Build.0 = Release|Any CPU
		{5E02C8A4-C10E-486A-8494-FA340BAF5021}.Debug|Any CPU.ActiveCfg = Debug|Any CPU
		{5E02C8A4-C10E-486A-8494-FA340BAF5021}.Debug|Any CPU.Build.0 = Debug|Any CPU
		{5E02C8A4-C10E-486A-8494-FA340BAF5021}.Release|Any CPU.ActiveCfg = Release|Any CPU
		{5E02C8A4-C10E-486A-8494-FA340BAF5021}.Release|Any CPU.Build.0 = Release|Any CPU
	EndGlobalSection
	GlobalSection(SolutionProperties) = preSolution
		HideSolutionNode = FALSE
	EndGlobalSection
	GlobalSection(NestedProjects) = preSolution
		{3EED7EC6-5098-412D-BD22-48F1B3CADF2C} = {9BAA5C89-0C43-49A5-98A2-78AB9C389753}
		{8B4BF841-94BD-49F1-8E86-BF687ECF12EB} = {3EED7EC6-5098-412D-BD22-48F1B3CADF2C}
		{2E279AF5-085B-493E-8358-33CA02F74A1F} = {3EED7EC6-5098-412D-BD22-48F1B3CADF2C}
		{61B2F2F5-9BEB-487E-BAA3-DC2C80C7F26F} = {3EED7EC6-5098-412D-BD22-48F1B3CADF2C}
		{886F4AB5-AC1D-4065-B69A-9E5752E2F416} = {9BAA5C89-0C43-49A5-98A2-78AB9C389753}
		{5A0075DF-8DCD-405E-A85D-D5F5F3494765} = {9BAA5C89-0C43-49A5-98A2-78AB9C389753}
		{E56CD924-7FA2-4649-99E0-7F00969071AB} = {8B4BF841-94BD-49F1-8E86-BF687ECF12EB}
		{40DD5C85-E198-4C34-A3D9-68224A8AD318} = {8B4BF841-94BD-49F1-8E86-BF687ECF12EB}
		{E4C649F6-2537-4138-81F1-B7C773E6E6DE} = {2E279AF5-085B-493E-8358-33CA02F74A1F}
		{F2B5E826-344D-40B3-BE55-48C3B71FC5A3} = {61B2F2F5-9BEB-487E-BAA3-DC2C80C7F26F}
		{88467723-1A89-4B7B-ACB1-64FA79D3DFB3} = {5A0075DF-8DCD-405E-A85D-D5F5F3494765}
		{35BAA274-CCE5-4757-848A-45483EB28C73} = {9BAA5C89-0C43-49A5-98A2-78AB9C389753}
		{5E02C8A4-C10E-486A-8494-FA340BAF5021} = {35BAA274-CCE5-4757-848A-45483EB28C73}
	EndGlobalSection
	GlobalSection(ExtensibilityGlobals) = postSolution
		SolutionGuid = {C36B667C-C777-468E-9662-710BFD19B32A}
	EndGlobalSection
EndGlobal
